// !$*UTF8*$!
{
	archiveVersion = 1;
	classes = {
	};
	objectVersion = 46;
	objects = {

/* Begin PBXBuildFile section */
		A5BA0FB31F416ACA00250BAA /* QuartzCore.framework in Frameworks */ = {isa = PBXBuildFile; fileRef = A5BA0FB21F416ACA00250BAA /* QuartzCore.framework */; };
		A5BA0FB51F416AD000250BAA /* AVFoundation.framework in Frameworks */ = {isa = PBXBuildFile; fileRef = A5BA0FB41F416AD000250BAA /* AVFoundation.framework */; };
		A5BA0FB71F416AD500250BAA /* UIKit.framework in Frameworks */ = {isa = PBXBuildFile; fileRef = A5BA0FB61F416AD500250BAA /* UIKit.framework */; };
		A5BA0FB91F416ADB00250BAA /* CoreFoundation.framework in Frameworks */ = {isa = PBXBuildFile; fileRef = A5BA0FB81F416ADB00250BAA /* CoreFoundation.framework */; };
		F802CBF71F404C7B00C690EF /* main.m in Sources */ = {isa = PBXBuildFile; fileRef = F802CBF61F404C7B00C690EF /* main.m */; };
		F802CC001F404C7B00C690EF /* Main.storyboard in Resources */ = {isa = PBXBuildFile; fileRef = F802CBFE1F404C7B00C690EF /* Main.storyboard */; };
		F802CC021F404C7B00C690EF /* Assets.xcassets in Resources */ = {isa = PBXBuildFile; fileRef = F802CC011F404C7B00C690EF /* Assets.xcassets */; };
		F802CC051F404C7B00C690EF /* LaunchScreen.storyboard in Resources */ = {isa = PBXBuildFile; fileRef = F802CC031F404C7B00C690EF /* LaunchScreen.storyboard */; };
		F802CC1F1F404E2D00C690EF /* AppDelegate.m in Sources */ = {isa = PBXBuildFile; fileRef = F802CC161F404E2D00C690EF /* AppDelegate.m */; };
		F802CC201F404E2E00C690EF /* ViewController.m in Sources */ = {isa = PBXBuildFile; fileRef = F802CC181F404E2D00C690EF /* ViewController.m */; };
		F802CC211F404E2E00C690EF /* audiobtn.png in Resources */ = {isa = PBXBuildFile; fileRef = F802CC1A1F404E2D00C690EF /* audiobtn.png */; };
		F802CC221F404E2E00C690EF /* cusmap.PNG in Resources */ = {isa = PBXBuildFile; fileRef = F802CC1B1F404E2D00C690EF /* cusmap.PNG */; };
		F802CC231F404E2E00C690EF /* imgbtn.png in Resources */ = {isa = PBXBuildFile; fileRef = F802CC1C1F404E2D00C690EF /* imgbtn.png */; };
		F802CC241F404E2E00C690EF /* logo.PNG in Resources */ = {isa = PBXBuildFile; fileRef = F802CC1D1F404E2D00C690EF /* logo.PNG */; };
		F802CC251F404E2E00C690EF /* mapbtn.png in Resources */ = {isa = PBXBuildFile; fileRef = F802CC1E1F404E2D00C690EF /* mapbtn.png */; };
		F802CC281F40557F00C690EF /* DepartmentVC.m in Sources */ = {isa = PBXBuildFile; fileRef = F802CC271F40557F00C690EF /* DepartmentVC.m */; };
		F802CC2B1F40562200C690EF /* left-arrow@2x.png in Resources */ = {isa = PBXBuildFile; fileRef = F802CC291F40562200C690EF /* left-arrow@2x.png */; };
		F802CC2C1F40562200C690EF /* left-arrow@3x.png in Resources */ = {isa = PBXBuildFile; fileRef = F802CC2A1F40562200C690EF /* left-arrow@3x.png */; };
		F802CC2F1F4058DE00C690EF /* down-arrow@2x.png in Resources */ = {isa = PBXBuildFile; fileRef = F802CC2D1F4058DE00C690EF /* down-arrow@2x.png */; };
		F802CC301F4058DE00C690EF /* down-arrow@3x.png in Resources */ = {isa = PBXBuildFile; fileRef = F802CC2E1F4058DE00C690EF /* down-arrow@3x.png */; };
		F802CC331F405EAB00C690EF /* DepartmentDetailVC.m in Sources */ = {isa = PBXBuildFile; fileRef = F802CC321F405EAB00C690EF /* DepartmentDetailVC.m */; };
		F81D635F1F406742001B1060 /* DepartmentDetailViewVC.m in Sources */ = {isa = PBXBuildFile; fileRef = F81D635E1F406742001B1060 /* DepartmentDetailViewVC.m */; };
/* End PBXBuildFile section */

/* Begin PBXFileReference section */
		A5BA0FB21F416ACA00250BAA /* QuartzCore.framework */ = {isa = PBXFileReference; lastKnownFileType = wrapper.framework; name = QuartzCore.framework; path = System/Library/Frameworks/QuartzCore.framework; sourceTree = SDKROOT; };
		A5BA0FB41F416AD000250BAA /* AVFoundation.framework */ = {isa = PBXFileReference; lastKnownFileType = wrapper.framework; name = AVFoundation.framework; path = System/Library/Frameworks/AVFoundation.framework; sourceTree = SDKROOT; };
		A5BA0FB61F416AD500250BAA /* UIKit.framework */ = {isa = PBXFileReference; lastKnownFileType = wrapper.framework; name = UIKit.framework; path = System/Library/Frameworks/UIKit.framework; sourceTree = SDKROOT; };
		A5BA0FB81F416ADB00250BAA /* CoreFoundation.framework */ = {isa = PBXFileReference; lastKnownFileType = wrapper.framework; name = CoreFoundation.framework; path = System/Library/Frameworks/CoreFoundation.framework; sourceTree = SDKROOT; };
		F802CBF21F404C7B00C690EF /* JarGone.app */ = {isa = PBXFileReference; explicitFileType = wrapper.application; includeInIndex = 0; path = JarGone.app; sourceTree = BUILT_PRODUCTS_DIR; };
		F802CBF61F404C7B00C690EF /* main.m */ = {isa = PBXFileReference; lastKnownFileType = sourcecode.c.objc; path = main.m; sourceTree = "<group>"; };
		F802CBFF1F404C7B00C690EF /* Base */ = {isa = PBXFileReference; lastKnownFileType = file.storyboard; name = Base; path = Base.lproj/Main.storyboard; sourceTree = "<group>"; };
		F802CC011F404C7B00C690EF /* Assets.xcassets */ = {isa = PBXFileReference; lastKnownFileType = folder.assetcatalog; path = Assets.xcassets; sourceTree = "<group>"; };
		F802CC041F404C7B00C690EF /* Base */ = {isa = PBXFileReference; lastKnownFileType = file.storyboard; name = Base; path = Base.lproj/LaunchScreen.storyboard; sourceTree = "<group>"; };
		F802CC061F404C7B00C690EF /* Info.plist */ = {isa = PBXFileReference; lastKnownFileType = text.plist.xml; path = Info.plist; sourceTree = "<group>"; };
		F802CC151F404E2D00C690EF /* AppDelegate.h */ = {isa = PBXFileReference; fileEncoding = 4; lastKnownFileType = sourcecode.c.h; path = AppDelegate.h; sourceTree = "<group>"; };
		F802CC161F404E2D00C690EF /* AppDelegate.m */ = {isa = PBXFileReference; fileEncoding = 4; lastKnownFileType = sourcecode.c.objc; path = AppDelegate.m; sourceTree = "<group>"; };
		F802CC171F404E2D00C690EF /* ViewController.h */ = {isa = PBXFileReference; fileEncoding = 4; lastKnownFileType = sourcecode.c.h; path = ViewController.h; sourceTree = "<group>"; };
		F802CC181F404E2D00C690EF /* ViewController.m */ = {isa = PBXFileReference; fileEncoding = 4; lastKnownFileType = sourcecode.c.objc; path = ViewController.m; sourceTree = "<group>"; };
		F802CC1A1F404E2D00C690EF /* audiobtn.png */ = {isa = PBXFileReference; lastKnownFileType = image.png; path = audiobtn.png; sourceTree = "<group>"; };
		F802CC1B1F404E2D00C690EF /* cusmap.PNG */ = {isa = PBXFileReference; lastKnownFileType = image.png; path = cusmap.PNG; sourceTree = "<group>"; };
		F802CC1C1F404E2D00C690EF /* imgbtn.png */ = {isa = PBXFileReference; lastKnownFileType = image.png; path = imgbtn.png; sourceTree = "<group>"; };
		F802CC1D1F404E2D00C690EF /* logo.PNG */ = {isa = PBXFileReference; lastKnownFileType = image.png; path = logo.PNG; sourceTree = "<group>"; };
		F802CC1E1F404E2D00C690EF /* mapbtn.png */ = {isa = PBXFileReference; lastKnownFileType = image.png; path = mapbtn.png; sourceTree = "<group>"; };
		F802CC261F40557F00C690EF /* DepartmentVC.h */ = {isa = PBXFileReference; fileEncoding = 4; lastKnownFileType = sourcecode.c.h; path = DepartmentVC.h; sourceTree = "<group>"; };
		F802CC271F40557F00C690EF /* DepartmentVC.m */ = {isa = PBXFileReference; fileEncoding = 4; lastKnownFileType = sourcecode.c.objc; path = DepartmentVC.m; sourceTree = "<group>"; };
		F802CC291F40562200C690EF /* left-arrow@2x.png */ = {isa = PBXFileReference; lastKnownFileType = image.png; path = "left-arrow@2x.png"; sourceTree = "<group>"; };
		F802CC2A1F40562200C690EF /* left-arrow@3x.png */ = {isa = PBXFileReference; lastKnownFileType = image.png; path = "left-arrow@3x.png"; sourceTree = "<group>"; };
		F802CC2D1F4058DE00C690EF /* down-arrow@2x.png */ = {isa = PBXFileReference; lastKnownFileType = image.png; path = "down-arrow@2x.png"; sourceTree = "<group>"; };
		F802CC2E1F4058DE00C690EF /* down-arrow@3x.png */ = {isa = PBXFileReference; lastKnownFileType = image.png; path = "down-arrow@3x.png"; sourceTree = "<group>"; };
		F802CC311F405EAB00C690EF /* DepartmentDetailVC.h */ = {isa = PBXFileReference; fileEncoding = 4; lastKnownFileType = sourcecode.c.h; path = DepartmentDetailVC.h; sourceTree = "<group>"; };
		F802CC321F405EAB00C690EF /* DepartmentDetailVC.m */ = {isa = PBXFileReference; fileEncoding = 4; lastKnownFileType = sourcecode.c.objc; path = DepartmentDetailVC.m; sourceTree = "<group>"; };
		F81D635D1F406742001B1060 /* DepartmentDetailViewVC.h */ = {isa = PBXFileReference; fileEncoding = 4; lastKnownFileType = sourcecode.c.h; path = DepartmentDetailViewVC.h; sourceTree = "<group>"; };
		F81D635E1F406742001B1060 /* DepartmentDetailViewVC.m */ = {isa = PBXFileReference; fileEncoding = 4; lastKnownFileType = sourcecode.c.objc; path = DepartmentDetailViewVC.m; sourceTree = "<group>"; };
/* End PBXFileReference section */

/* Begin PBXFrameworksBuildPhase section */
		F802CBEF1F404C7B00C690EF /* Frameworks */ = {
			isa = PBXFrameworksBuildPhase;
			buildActionMask = 2147483647;
			files = (
				A5BA0FB91F416ADB00250BAA /* CoreFoundation.framework in Frameworks */,
				A5BA0FB71F416AD500250BAA /* UIKit.framework in Frameworks */,
				A5BA0FB51F416AD000250BAA /* AVFoundation.framework in Frameworks */,
				A5BA0FB31F416ACA00250BAA /* QuartzCore.framework in Frameworks */,
			);
			runOnlyForDeploymentPostprocessing = 0;
		};
/* End PBXFrameworksBuildPhase section */

/* Begin PBXGroup section */
		A5BA0FB11F416ACA00250BAA /* Frameworks */ = {
			isa = PBXGroup;
			children = (
				A5BA0FB81F416ADB00250BAA /* CoreFoundation.framework */,
				A5BA0FB61F416AD500250BAA /* UIKit.framework */,
				A5BA0FB41F416AD000250BAA /* AVFoundation.framework */,
				A5BA0FB21F416ACA00250BAA /* QuartzCore.framework */,
			);
			name = Frameworks;
			sourceTree = "<group>";
		};
		F802CBE91F404C7B00C690EF = {
			isa = PBXGroup;
			children = (
				F802CBF41F404C7B00C690EF /* JarGone */,
				F802CBF31F404C7B00C690EF /* Products */,
				A5BA0FB11F416ACA00250BAA /* Frameworks */,
			);
			sourceTree = "<group>";
		};
		F802CBF31F404C7B00C690EF /* Products */ = {
			isa = PBXGroup;
			children = (
				F802CBF21F404C7B00C690EF /* JarGone.app */,
			);
			name = Products;
			sourceTree = "<group>";
		};
		F802CBF41F404C7B00C690EF /* JarGone */ = {
			isa = PBXGroup;
			children = (
				F802CC141F404E2D00C690EF /* Controller */,
				F802CC191F404E2D00C690EF /* Resource */,
				F802CBFE1F404C7B00C690EF /* Main.storyboard */,
				F802CC011F404C7B00C690EF /* Assets.xcassets */,
				F802CC031F404C7B00C690EF /* LaunchScreen.storyboard */,
				F802CC061F404C7B00C690EF /* Info.plist */,
				F802CBF51F404C7B00C690EF /* Supporting Files */,
			);
			path = JarGone;
			sourceTree = "<group>";
		};
		F802CBF51F404C7B00C690EF /* Supporting Files */ = {
			isa = PBXGroup;
			children = (
				F802CBF61F404C7B00C690EF /* main.m */,
			);
			name = "Supporting Files";
			sourceTree = "<group>";
		};
		F802CC141F404E2D00C690EF /* Controller */ = {
			isa = PBXGroup;
			children = (
				F802CC151F404E2D00C690EF /* AppDelegate.h */,
				F802CC161F404E2D00C690EF /* AppDelegate.m */,
				F802CC171F404E2D00C690EF /* ViewController.h */,
				F802CC181F404E2D00C690EF /* ViewController.m */,
				F802CC261F40557F00C690EF /* DepartmentVC.h */,
				F802CC271F40557F00C690EF /* DepartmentVC.m */,
				F802CC311F405EAB00C690EF /* DepartmentDetailVC.h */,
				F802CC321F405EAB00C690EF /* DepartmentDetailVC.m */,
				F81D635D1F406742001B1060 /* DepartmentDetailViewVC.h */,
				F81D635E1F406742001B1060 /* DepartmentDetailViewVC.m */,
			);
			path = Controller;
			sourceTree = "<group>";
		};
		F802CC191F404E2D00C690EF /* Resource */ = {
			isa = PBXGroup;
			children = (
				F802CC2D1F4058DE00C690EF /* down-arrow@2x.png */,
				F802CC2E1F4058DE00C690EF /* down-arrow@3x.png */,
				F802CC291F40562200C690EF /* left-arrow@2x.png */,
				F802CC2A1F40562200C690EF /* left-arrow@3x.png */,
				F802CC1A1F404E2D00C690EF /* audiobtn.png */,
				F802CC1B1F404E2D00C690EF /* cusmap.PNG */,
				F802CC1C1F404E2D00C690EF /* imgbtn.png */,
				F802CC1D1F404E2D00C690EF /* logo.PNG */,
				F802CC1E1F404E2D00C690EF /* mapbtn.png */,
			);
			path = Resource;
			sourceTree = "<group>";
		};
/* End PBXGroup section */

/* Begin PBXNativeTarget section */
		F802CBF11F404C7B00C690EF /* JarGone */ = {
			isa = PBXNativeTarget;
			buildConfigurationList = F802CC091F404C7B00C690EF /* Build configuration list for PBXNativeTarget "JarGone" */;
			buildPhases = (
				F802CBEE1F404C7B00C690EF /* Sources */,
				F802CBEF1F404C7B00C690EF /* Frameworks */,
				F802CBF01F404C7B00C690EF /* Resources */,
			);
			buildRules = (
			);
			dependencies = (
			);
			name = JarGone;
			productName = JarGone;
			productReference = F802CBF21F404C7B00C690EF /* JarGone.app */;
			productType = "com.apple.product-type.application";
		};
/* End PBXNativeTarget section */

/* Begin PBXProject section */
		F802CBEA1F404C7B00C690EF /* Project object */ = {
			isa = PBXProject;
			attributes = {
				LastUpgradeCheck = 0830;
				ORGANIZATIONNAME = "Bipin Maurya";
				TargetAttributes = {
					F802CBF11F404C7B00C690EF = {
						CreatedOnToolsVersion = 8.3.3;
						DevelopmentTeam = CBZE86VY6D;
						ProvisioningStyle = Manual;
					};
				};
			};
			buildConfigurationList = F802CBED1F404C7B00C690EF /* Build configuration list for PBXProject "JarGone" */;
			compatibilityVersion = "Xcode 3.2";
			developmentRegion = English;
			hasScannedForEncodings = 0;
			knownRegions = (
				en,
				Base,
			);
			mainGroup = F802CBE91F404C7B00C690EF;
			productRefGroup = F802CBF31F404C7B00C690EF /* Products */;
			projectDirPath = "";
			projectRoot = "";
			targets = (
				F802CBF11F404C7B00C690EF /* JarGone */,
			);
		};
/* End PBXProject section */

/* Begin PBXResourcesBuildPhase section */
		F802CBF01F404C7B00C690EF /* Resources */ = {
			isa = PBXResourcesBuildPhase;
			buildActionMask = 2147483647;
			files = (
				F802CC241F404E2E00C690EF /* logo.PNG in Resources */,
				F802CC2F1F4058DE00C690EF /* down-arrow@2x.png in Resources */,
				F802CC051F404C7B00C690EF /* LaunchScreen.storyboard in Resources */,
				F802CC2C1F40562200C690EF /* left-arrow@3x.png in Resources */,
				F802CC221F404E2E00C690EF /* cusmap.PNG in Resources */,
				F802CC231F404E2E00C690EF /* imgbtn.png in Resources */,
				F802CC211F404E2E00C690EF /* audiobtn.png in Resources */,
				F802CC021F404C7B00C690EF /* Assets.xcassets in Resources */,
				F802CC001F404C7B00C690EF /* Main.storyboard in Resources */,
				F802CC2B1F40562200C690EF /* left-arrow@2x.png in Resources */,
				F802CC251F404E2E00C690EF /* mapbtn.png in Resources */,
				F802CC301F4058DE00C690EF /* down-arrow@3x.png in Resources */,
			);
			runOnlyForDeploymentPostprocessing = 0;
		};
/* End PBXResourcesBuildPhase section */

/* Begin PBXSourcesBuildPhase section */
		F802CBEE1F404C7B00C690EF /* Sources */ = {
			isa = PBXSourcesBuildPhase;
			buildActionMask = 2147483647;
			files = (
				F802CC1F1F404E2D00C690EF /* AppDelegate.m in Sources */,
				F802CBF71F404C7B00C690EF /* main.m in Sources */,
				F81D635F1F406742001B1060 /* DepartmentDetailViewVC.m in Sources */,
				F802CC281F40557F00C690EF /* DepartmentVC.m in Sources */,
				F802CC331F405EAB00C690EF /* DepartmentDetailVC.m in Sources */,
				F802CC201F404E2E00C690EF /* ViewController.m in Sources */,
			);
			runOnlyForDeploymentPostprocessing = 0;
		};
/* End PBXSourcesBuildPhase section */

/* Begin PBXVariantGroup section */
		F802CBFE1F404C7B00C690EF /* Main.storyboard */ = {
			isa = PBXVariantGroup;
			children = (
				F802CBFF1F404C7B00C690EF /* Base */,
			);
			name = Main.storyboard;
			sourceTree = "<group>";
		};
		F802CC031F404C7B00C690EF /* LaunchScreen.storyboard */ = {
			isa = PBXVariantGroup;
			children = (
				F802CC041F404C7B00C690EF /* Base */,
			);
			name = LaunchScreen.storyboard;
			sourceTree = "<group>";
		};
/* End PBXVariantGroup section */

/* Begin XCBuildConfiguration section */
		F802CC071F404C7B00C690EF /* Debug */ = {
			isa = XCBuildConfiguration;
			buildSettings = {
				ALWAYS_SEARCH_USER_PATHS = NO;
				CLANG_ANALYZER_NONNULL = YES;
				CLANG_ANALYZER_NUMBER_OBJECT_CONVERSION = YES_AGGRESSIVE;
				CLANG_CXX_LANGUAGE_STANDARD = "gnu++0x";
				CLANG_CXX_LIBRARY = "libc++";
				CLANG_ENABLE_MODULES = YES;
				CLANG_ENABLE_OBJC_ARC = YES;
				CLANG_WARN_BOOL_CONVERSION = YES;
				CLANG_WARN_CONSTANT_CONVERSION = YES;
				CLANG_WARN_DIRECT_OBJC_ISA_USAGE = YES_ERROR;
				CLANG_WARN_DOCUMENTATION_COMMENTS = YES;
				CLANG_WARN_EMPTY_BODY = YES;
				CLANG_WARN_ENUM_CONVERSION = YES;
				CLANG_WARN_INFINITE_RECURSION = YES;
				CLANG_WARN_INT_CONVERSION = YES;
				CLANG_WARN_OBJC_ROOT_CLASS = YES_ERROR;
				CLANG_WARN_SUSPICIOUS_MOVE = YES;
				CLANG_WARN_UNREACHABLE_CODE = YES;
				CLANG_WARN__DUPLICATE_METHOD_MATCH = YES;
				"CODE_SIGN_IDENTITY[sdk=iphoneos*]" = "iPhone Developer";
				COPY_PHASE_STRIP = NO;
				DEBUG_INFORMATION_FORMAT = dwarf;
				ENABLE_STRICT_OBJC_MSGSEND = YES;
				ENABLE_TESTABILITY = YES;
				GCC_C_LANGUAGE_STANDARD = gnu99;
				GCC_DYNAMIC_NO_PIC = NO;
				GCC_NO_COMMON_BLOCKS = YES;
				GCC_OPTIMIZATION_LEVEL = 0;
				GCC_PREPROCESSOR_DEFINITIONS = (
					"DEBUG=1",
					"$(inherited)",
				);
				GCC_WARN_64_TO_32_BIT_CONVERSION = YES;
				GCC_WARN_ABOUT_RETURN_TYPE = YES_ERROR;
				GCC_WARN_UNDECLARED_SELECTOR = YES;
				GCC_WARN_UNINITIALIZED_AUTOS = YES_AGGRESSIVE;
				GCC_WARN_UNUSED_FUNCTION = YES;
				GCC_WARN_UNUSED_VARIABLE = YES;
				IPHONEOS_DEPLOYMENT_TARGET = 10.3;
				MTL_ENABLE_DEBUG_INFO = YES;
				ONLY_ACTIVE_ARCH = YES;
				SDKROOT = iphoneos;
			};
			name = Debug;
		};
		F802CC081F404C7B00C690EF /* Release */ = {
			isa = XCBuildConfiguration;
			buildSettings = {
				ALWAYS_SEARCH_USER_PATHS = NO;
				CLANG_ANALYZER_NONNULL = YES;
				CLANG_ANALYZER_NUMBER_OBJECT_CONVERSION = YES_AGGRESSIVE;
				CLANG_CXX_LANGUAGE_STANDARD = "gnu++0x";
				CLANG_CXX_LIBRARY = "libc++";
				CLANG_ENABLE_MODULES = YES;
				CLANG_ENABLE_OBJC_ARC = YES;
				CLANG_WARN_BOOL_CONVERSION = YES;
				CLANG_WARN_CONSTANT_CONVERSION = YES;
				CLANG_WARN_DIRECT_OBJC_ISA_USAGE = YES_ERROR;
				CLANG_WARN_DOCUMENTATION_COMMENTS = YES;
				CLANG_WARN_EMPTY_BODY = YES;
				CLANG_WARN_ENUM_CONVERSION = YES;
				CLANG_WARN_INFINITE_RECURSION = YES;
				CLANG_WARN_INT_CONVERSION = YES;
				CLANG_WARN_OBJC_ROOT_CLASS = YES_ERROR;
				CLANG_WARN_SUSPICIOUS_MOVE = YES;
				CLANG_WARN_UNREACHABLE_CODE = YES;
				CLANG_WARN__DUPLICATE_METHOD_MATCH = YES;
				"CODE_SIGN_IDENTITY[sdk=iphoneos*]" = "iPhone Developer";
				COPY_PHASE_STRIP = NO;
				DEBUG_INFORMATION_FORMAT = "dwarf-with-dsym";
				ENABLE_NS_ASSERTIONS = NO;
				ENABLE_STRICT_OBJC_MSGSEND = YES;
				GCC_C_LANGUAGE_STANDARD = gnu99;
				GCC_NO_COMMON_BLOCKS = YES;
				GCC_WARN_64_TO_32_BIT_CONVERSION = YES;
				GCC_WARN_ABOUT_RETURN_TYPE = YES_ERROR;
				GCC_WARN_UNDECLARED_SELECTOR = YES;
				GCC_WARN_UNINITIALIZED_AUTOS = YES_AGGRESSIVE;
				GCC_WARN_UNUSED_FUNCTION = YES;
				GCC_WARN_UNUSED_VARIABLE = YES;
				IPHONEOS_DEPLOYMENT_TARGET = 10.3;
				MTL_ENABLE_DEBUG_INFO = NO;
				SDKROOT = iphoneos;
				VALIDATE_PRODUCT = YES;
			};
			name = Release;
		};
		F802CC0A1F404C7B00C690EF /* Debug */ = {
			isa = XCBuildConfiguration;
			buildSettings = {
				ASSETCATALOG_COMPILER_APPICON_NAME = AppIcon;
				"CODE_SIGN_IDENTITY[sdk=iphoneos*]" = "iPhone Developer";
				DEVELOPMENT_TEAM = CBZE86VY6D;
				INFOPLIST_FILE = JarGone/Info.plist;
				IPHONEOS_DEPLOYMENT_TARGET = 8.0;
				LD_RUNPATH_SEARCH_PATHS = "$(inherited) @executable_path/Frameworks";
				PRODUCT_BUNDLE_IDENTIFIER = com.floristdev;
				PRODUCT_NAME = "$(TARGET_NAME)";
				PROVISIONING_PROFILE = "a8c69121-7c33-4d11-8b06-12456489f95e";
				PROVISIONING_PROFILE_SPECIFIER = floristdev;
			};
			name = Debug;
		};
		F802CC0B1F404C7B00C690EF /* Release */ = {
			isa = XCBuildConfiguration;
			buildSettings = {
				ASSETCATALOG_COMPILER_APPICON_NAME = AppIcon;
				"CODE_SIGN_IDENTITY[sdk=iphoneos*]" = "iPhone Developer";
				DEVELOPMENT_TEAM = CBZE86VY6D;
				INFOPLIST_FILE = JarGone/Info.plist;
				IPHONEOS_DEPLOYMENT_TARGET = 8.0;
				LD_RUNPATH_SEARCH_PATHS = "$(inherited) @executable_path/Frameworks";
				PRODUCT_BUNDLE_IDENTIFIER = com.floristdev;
				PRODUCT_NAME = "$(TARGET_NAME)";
				PROVISIONING_PROFILE = "a8c69121-7c33-4d11-8b06-12456489f95e";
				PROVISIONING_PROFILE_SPECIFIER = floristdev;
			};
			name = Release;
		};
/* End XCBuildConfiguration section */

/* Begin XCConfigurationList section */
		F802CBED1F404C7B00C690EF /* Build configuration list for PBXProject "JarGone" */ = {
			isa = XCConfigurationList;
			buildConfigurations = (
				F802CC071F404C7B00C690EF /* Debug */,
				F802CC081F404C7B00C690EF /* Release */,
			);
			defaultConfigurationIsVisible = 0;
			defaultConfigurationName = Release;
		};
		F802CC091F404C7B00C690EF /* Build configuration list for PBXNativeTarget "JarGone" */ = {
			isa = XCConfigurationList;
			buildConfigurations = (
				F802CC0A1F404C7B00C690EF /* Debug */,
				F802CC0B1F404C7B00C690EF /* Release */,
			);
			defaultConfigurationIsVisible = 0;
			defaultConfigurationName = Release;
		};
/* End XCConfigurationList section */
	};
	rootObject = F802CBEA1F404C7B00C690EF /* Project object */;
}
